
Microsoft Visual Studio Solution File, Format Version 12.00
# Visual Studio 2017
Project("{FAE04EC0-301F-11D3-BF4B-00C04F79EFBC}") = "RPGvsSLG_test", "RPGvsSLG_test.csproj", "{617F3714-64D2-86E0-C0BA-B3BEF7BE66E9}"
EndProject
Project("{FAE04EC0-301F-11D3-BF4B-00C04F79EFBC}") = "RPGvsSLG_test.Editor", "RPGvsSLG_test.Editor.csproj", "{86F697D5-8A4B-9BFD-1A51-9904F8F3A881}"
EndProject
Global
	GlobalSection(SolutionConfigurationPlatforms) = preSolution
		Debug|Any CPU = Debug|Any CPU
		Release|Any CPU = Release|Any CPU
	EndGlobalSection
	GlobalSection(ProjectConfigurationPlatforms) = postSolution
		{617F3714-64D2-86E0-C0BA-B3BEF7BE66E9}.Debug|Any CPU.ActiveCfg = Debug|Any CPU
		{617F3714-64D2-86E0-C0BA-B3BEF7BE66E9}.Debug|Any CPU.Build.0 = Debug|Any CPU
		{617F3714-64D2-86E0-C0BA-B3BEF7BE66E9}.Release|Any CPU.ActiveCfg = Release|Any CPU
		{617F3714-64D2-86E0-C0BA-B3BEF7BE66E9}.Release|Any CPU.Build.0 = Release|Any CPU
		{86F697D5-8A4B-9BFD-1A51-9904F8F3A881}.Debug|Any CPU.ActiveCfg = Debug|Any CPU
		{86F697D5-8A4B-9BFD-1A51-9904F8F3A881}.Debug|Any CPU.Build.0 = Debug|Any CPU
		{86F697D5-8A4B-9BFD-1A51-9904F8F3A881}.Release|Any CPU.ActiveCfg = Release|Any CPU
		{86F697D5-8A4B-9BFD-1A51-9904F8F3A881}.Release|Any CPU.Build.0 = Release|Any CPU
	EndGlobalSection
	GlobalSection(SolutionProperties) = preSolution
		HideSolutionNode = FALSE
	EndGlobalSection
EndGlobal
